
Microsoft Visual Studio Solution File, Format Version 12.00
# Visual Studio Version 17
VisualStudioVersion = 17.13.35507.96 d17.13
MinimumVisualStudioVersion = 10.0.40219.1
Project("{FAE04EC0-301F-11D3-BF4B-00C04F79EFBC}") = "practicasdepoo", "practicasdepoo\practicasdepoo.csproj", "{CD2800EA-9E81-4F47-BBF3-0A2797992201}"
EndProject
Global
	GlobalSection(SolutionConfigurationPlatforms) = preSolution
		Debug|Any CPU = Debug|Any CPU
		Release|Any CPU = Release|Any CPU
	EndGlobalSection
	GlobalSection(ProjectConfigurationPlatforms) = postSolution
		{CD2800EA-9E81-4F47-BBF3-0A2797992201}.Debug|Any CPU.ActiveCfg = Debug|Any CPU
		{CD2800EA-9E81-4F47-BBF3-0A2797992201}.Debug|Any CPU.Build.0 = Debug|Any CPU
		{CD2800EA-9E81-4F47-BBF3-0A2797992201}.Release|Any CPU.ActiveCfg = Release|Any CPU
		{CD2800EA-9E81-4F47-BBF3-0A2797992201}.Release|Any CPU.Build.0 = Release|Any CPU
	EndGlobalSection
	GlobalSection(SolutionProperties) = preSolution
		HideSolutionNode = FALSE
	EndGlobalSection
	GlobalSection(ExtensibilityGlobals) = postSolution
		SolutionGuid = {68B0BA13-2205-4678-BDD6-E9DC4A48F0CE}
	EndGlobalSection
EndGlobal
